
Microsoft Visual Studio Solution File, Format Version 12.00
# Visual Studio Version 16
VisualStudioVersion = 16.0.31105.61
MinimumVisualStudioVersion = 10.0.40219.1
Project("{9A19103F-16F7-4668-BE54-9A1E7A4F7556}") = "ConsoleGameEngine", "ConsoleGameEngine\ConsoleGameEngine.csproj", "{73B14B28-3E32-4FC5-B54C-7572811FFF63}"
EndProject
Project("{9A19103F-16F7-4668-BE54-9A1E7A4F7556}") = "ConsoleGames", "ConsoleGames\ConsoleGames.csproj", "{4973B781-C6C8-4B73-A343-B41A6988C8B0}"
EndProject
Project("{8BC9CEB8-8B4A-11D0-8D11-00A0C91BC942}") = "ConsoleGameEngineNative", "ConsoleGameEngineNative\ConsoleGameEngineNative.vcxproj", "{1AABCD8E-4BD0-489D-B21E-547EEE20E378}"
EndProject
Global
	GlobalSection(SolutionConfigurationPlatforms) = preSolution
		Debug|Any CPU = Debug|Any CPU
		Debug|x64 = Debug|x64
		Debug|x86 = Debug|x86
		Release|Any CPU = Release|Any CPU
		Release|x64 = Release|x64
		Release|x86 = Release|x86
	EndGlobalSection
	GlobalSection(ProjectConfigurationPlatforms) = postSolution
		{73B14B28-3E32-4FC5-B54C-7572811FFF63}.Debug|Any CPU.ActiveCfg = Debug|Any CPU
		{73B14B28-3E32-4FC5-B54C-7572811FFF63}.Debug|Any CPU.Build.0 = Debug|Any CPU
		{73B14B28-3E32-4FC5-B54C-7572811FFF63}.Debug|x64.ActiveCfg = Debug|Any CPU
		{73B14B28-3E32-4FC5-B54C-7572811FFF63}.Debug|x64.Build.0 = Debug|Any CPU
		{73B14B28-3E32-4FC5-B54C-7572811FFF63}.Debug|x86.ActiveCfg = Debug|Any CPU
		{73B14B28-3E32-4FC5-B54C-7572811FFF63}.Debug|x86.Build.0 = Debug|Any CPU
		{73B14B28-3E32-4FC5-B54C-7572811FFF63}.Release|Any CPU.ActiveCfg = Release|Any CPU
		{73B14B28-3E32-4FC5-B54C-7572811FFF63}.Release|Any CPU.Build.0 = Release|Any CPU
		{73B14B28-3E32-4FC5-B54C-7572811FFF63}.Release|x64.ActiveCfg = Release|Any CPU
		{73B14B28-3E32-4FC5-B54C-7572811FFF63}.Release|x64.Build.0 = Release|Any CPU
		{73B14B28-3E32-4FC5-B54C-7572811FFF63}.Release|x86.ActiveCfg = Release|Any CPU
		{73B14B28-3E32-4FC5-B54C-7572811FFF63}.Release|x86.Build.0 = Release|Any CPU
		{4973B781-C6C8-4B73-A343-B41A6988C8B0}.Debug|Any CPU.ActiveCfg = Debug|Any CPU
		{4973B781-C6C8-4B73-A343-B41A6988C8B0}.Debug|Any CPU.Build.0 = Debug|Any CPU
		{4973B781-C6C8-4B73-A343-B41A6988C8B0}.Debug|x64.ActiveCfg = Debug|Any CPU
		{4973B781-C6C8-4B73-A343-B41A6988C8B0}.Debug|x64.Build.0 = Debug|Any CPU
		{4973B781-C6C8-4B73-A343-B41A6988C8B0}.Debug|x86.ActiveCfg = Debug|Any CPU
		{4973B781-C6C8-4B73-A343-B41A6988C8B0}.Debug|x86.Build.0 = Debug|Any CPU
		{4973B781-C6C8-4B73-A343-B41A6988C8B0}.Release|Any CPU.ActiveCfg = Release|Any CPU
		{4973B781-C6C8-4B73-A343-B41A6988C8B0}.Release|Any CPU.Build.0 = Release|Any CPU
		{4973B781-C6C8-4B73-A343-B41A6988C8B0}.Release|x64.ActiveCfg = Release|Any CPU
		{4973B781-C6C8-4B73-A343-B41A6988C8B0}.Release|x64.Build.0 = Release|Any CPU
		{4973B781-C6C8-4B73-A343-B41A6988C8B0}.Release|x86.ActiveCfg = Release|Any CPU
		{4973B781-C6C8-4B73-A343-B41A6988C8B0}.Release|x86.Build.0 = Release|Any CPU
		{1AABCD8E-4BD0-489D-B21E-547EEE20E378}.Debug|Any CPU.ActiveCfg = Debug|Win32
		{1AABCD8E-4BD0-489D-B21E-547EEE20E378}.Debug|x64.ActiveCfg = Debug|x64
		{1AABCD8E-4BD0-489D-B21E-547EEE20E378}.Debug|x64.Build.0 = Debug|x64
		{1AABCD8E-4BD0-489D-B21E-547EEE20E378}.Debug|x86.ActiveCfg = Debug|Win32
		{1AABCD8E-4BD0-489D-B21E-547EEE20E378}.Debug|x86.Build.0 = Debug|Win32
		{1AABCD8E-4BD0-489D-B21E-547EEE20E378}.Release|Any CPU.ActiveCfg = Release|Win32
		{1AABCD8E-4BD0-489D-B21E-547EEE20E378}.Release|x64.ActiveCfg = Release|x64
		{1AABCD8E-4BD0-489D-B21E-547EEE20E378}.Release|x64.Build.0 = Release|x64
		{1AABCD8E-4BD0-489D-B21E-547EEE20E378}.Release|x86.ActiveCfg = Release|Win32
		{1AABCD8E-4BD0-489D-B21E-547EEE20E378}.Release|x86.Build.0 = Release|Win32
	EndGlobalSection
	GlobalSection(SolutionProperties) = preSolution
		HideSolutionNode = FALSE
	EndGlobalSection
	GlobalSection(ExtensibilityGlobals) = postSolution
		SolutionGuid = {5DC417E7-45EE-4247-B6B2-707BA4CEB266}
	EndGlobalSection
EndGlobal
